
Microsoft Visual Studio Solution File, Format Version 12.00
# Visual Studio Version 16
VisualStudioVersion = 16.0.33214.272
MinimumVisualStudioVersion = 10.0.40219.1
Project("{F184B08F-C81C-45F6-A57F-5ABD9991F28F}") = "Building Plans Conversion", "Building Plans Conversion.vbproj", "{5242AB86-B9A2-4C38-9022-FAE535C9C223}"
EndProject
Global
	GlobalSection(SolutionConfigurationPlatforms) = preSolution
		Debug|Any CPU = Debug|Any CPU
		Release|Any CPU = Release|Any CPU
	EndGlobalSection
	GlobalSection(ProjectConfigurationPlatforms) = postSolution
		{5242AB86-B9A2-4C38-9022-FAE535C9C223}.Debug|Any CPU.ActiveCfg = Debug|Any CPU
		{5242AB86-B9A2-4C38-9022-FAE535C9C223}.Debug|Any CPU.Build.0 = Debug|Any CPU
		{5242AB86-B9A2-4C38-9022-FAE535C9C223}.Release|Any CPU.ActiveCfg = Release|Any CPU
		{5242AB86-B9A2-4C38-9022-FAE535C9C223}.Release|Any CPU.Build.0 = Release|Any CPU
	EndGlobalSection
	GlobalSection(SolutionProperties) = preSolution
		HideSolutionNode = FALSE
	EndGlobalSection
	GlobalSection(ExtensibilityGlobals) = postSolution
		SolutionGuid = {2816CA2A-0EBA-4C33-AF25-E7AC273DBBE1}
	EndGlobalSection
EndGlobal
